
Microsoft Visual Studio Solution File, Format Version 12.00
# Visual Studio Version 17
VisualStudioVersion = 17.13.35818.85
MinimumVisualStudioVersion = 10.0.40219.1
Project("{FAE04EC0-301F-11D3-BF4B-00C04F79EFBC}") = "Pingme", "Pingme.csproj", "{4D6D7346-6374-420E-A058-E6F0FD18343C}"
EndProject
Global
	GlobalSection(SolutionConfigurationPlatforms) = preSolution
		Debug|Any CPU = Debug|Any CPU
		Release|Any CPU = Release|Any CPU
	EndGlobalSection
	GlobalSection(ProjectConfigurationPlatforms) = postSolution
		{4D6D7346-6374-420E-A058-E6F0FD18343C}.Debug|Any CPU.ActiveCfg = Debug|Any CPU
		{4D6D7346-6374-420E-A058-E6F0FD18343C}.Debug|Any CPU.Build.0 = Debug|Any CPU
		{4D6D7346-6374-420E-A058-E6F0FD18343C}.Release|Any CPU.ActiveCfg = Release|Any CPU
		{4D6D7346-6374-420E-A058-E6F0FD18343C}.Release|Any CPU.Build.0 = Release|Any CPU
	EndGlobalSection
	GlobalSection(SolutionProperties) = preSolution
		HideSolutionNode = FALSE
	EndGlobalSection
	GlobalSection(ExtensibilityGlobals) = postSolution
		SolutionGuid = {FF4B9258-E9F5-4BBF-811B-AB6CCDDE6944}
	EndGlobalSection
EndGlobal
